// !$*UTF8*$!
{
	archiveVersion = 1;
	classes = {
	};
	objectVersion = 55;
	objects = {

/* Begin PBXBuildFile section */
		418C91BA2849F7E3008A921E /* FoodFetcher.swift in Sources */ = {isa = PBXBuildFile; fileRef = 418C91B92849F7E3008A921E /* FoodFetcher.swift */; };
		418C91BD2849FB2D008A921E /* Food.swift in Sources */ = {isa = PBXBuildFile; fileRef = 418C91BC2849FB2D008A921E /* Food.swift */; };
		418C91BF2849FB3F008A921E /* Dessert.swift in Sources */ = {isa = PBXBuildFile; fileRef = 418C91BE2849FB3F008A921E /* Dessert.swift */; };
		418C91C12849FB4C008A921E /* Coffee.swift in Sources */ = {isa = PBXBuildFile; fileRef = 418C91C02849FB4C008A921E /* Coffee.swift */; };
		418C91C6284A07D8008A921E /* ShortcutFoundation in Frameworks */ = {isa = PBXBuildFile; productRef = 418C91C5284A07D8008A921E /* ShortcutFoundation */; };
		418EC5C928475C5500EBEB9F /* WhatShouldWeEat.swift in Sources */ = {isa = PBXBuildFile; fileRef = 418EC5C828475C5500EBEB9F /* WhatShouldWeEat.swift */; };
		418EC5CB28475C5500EBEB9F /* ContentView.swift in Sources */ = {isa = PBXBuildFile; fileRef = 418EC5CA28475C5500EBEB9F /* ContentView.swift */; };
		418EC5CD28475C5700EBEB9F /* Assets.xcassets in Resources */ = {isa = PBXBuildFile; fileRef = 418EC5CC28475C5700EBEB9F /* Assets.xcassets */; };
		418EC5D028475C5700EBEB9F /* Preview Assets.xcassets in Resources */ = {isa = PBXBuildFile; fileRef = 418EC5CF28475C5700EBEB9F /* Preview Assets.xcassets */; };
		418EC5D928475CA600EBEB9F /* ViewModel.swift in Sources */ = {isa = PBXBuildFile; fileRef = 418EC5D828475CA600EBEB9F /* ViewModel.swift */; };
		41919FF62848D4FF002FCBB6 /* DataManager.swift in Sources */ = {isa = PBXBuildFile; fileRef = 41919FF52848D4FF002FCBB6 /* DataManager.swift */; };
		41B7E926284F58F600B89B69 /* AppConfig.swift in Sources */ = {isa = PBXBuildFile; fileRef = 41B7E925284F58F600B89B69 /* AppConfig.swift */; };
		41B7E929284F6DB200B89B69 /* FoodView.swift in Sources */ = {isa = PBXBuildFile; fileRef = 41B7E928284F6DB200B89B69 /* FoodView.swift */; };
		41B7E92B284F6DC400B89B69 /* DessertView.swift in Sources */ = {isa = PBXBuildFile; fileRef = 41B7E92A284F6DC400B89B69 /* DessertView.swift */; };
		41B7E92D284F6DE700B89B69 /* CoffeeView.swift in Sources */ = {isa = PBXBuildFile; fileRef = 41B7E92C284F6DE700B89B69 /* CoffeeView.swift */; };
/* End PBXBuildFile section */

/* Begin PBXFileReference section */
		418C91B92849F7E3008A921E /* FoodFetcher.swift */ = {isa = PBXFileReference; lastKnownFileType = sourcecode.swift; path = FoodFetcher.swift; sourceTree = "<group>"; };
		418C91BC2849FB2D008A921E /* Food.swift */ = {isa = PBXFileReference; lastKnownFileType = sourcecode.swift; path = Food.swift; sourceTree = "<group>"; };
		418C91BE2849FB3F008A921E /* Dessert.swift */ = {isa = PBXFileReference; lastKnownFileType = sourcecode.swift; path = Dessert.swift; sourceTree = "<group>"; };
		418C91C02849FB4C008A921E /* Coffee.swift */ = {isa = PBXFileReference; lastKnownFileType = sourcecode.swift; path = Coffee.swift; sourceTree = "<group>"; };
		418EC5C528475C5500EBEB9F /* WhatShouldWeEat.app */ = {isa = PBXFileReference; explicitFileType = wrapper.application; includeInIndex = 0; path = WhatShouldWeEat.app; sourceTree = BUILT_PRODUCTS_DIR; };
		418EC5C828475C5500EBEB9F /* WhatShouldWeEat.swift */ = {isa = PBXFileReference; lastKnownFileType = sourcecode.swift; path = WhatShouldWeEat.swift; sourceTree = "<group>"; };
		418EC5CA28475C5500EBEB9F /* ContentView.swift */ = {isa = PBXFileReference; lastKnownFileType = sourcecode.swift; path = ContentView.swift; sourceTree = "<group>"; };
		418EC5CC28475C5700EBEB9F /* Assets.xcassets */ = {isa = PBXFileReference; lastKnownFileType = folder.assetcatalog; path = Assets.xcassets; sourceTree = "<group>"; };
		418EC5CF28475C5700EBEB9F /* Preview Assets.xcassets */ = {isa = PBXFileReference; lastKnownFileType = folder.assetcatalog; path = "Preview Assets.xcassets"; sourceTree = "<group>"; };
		418EC5D828475CA600EBEB9F /* ViewModel.swift */ = {isa = PBXFileReference; lastKnownFileType = sourcecode.swift; path = ViewModel.swift; sourceTree = "<group>"; };
		41919FF52848D4FF002FCBB6 /* DataManager.swift */ = {isa = PBXFileReference; lastKnownFileType = sourcecode.swift; path = DataManager.swift; sourceTree = "<group>"; };
		41B7E925284F58F600B89B69 /* AppConfig.swift */ = {isa = PBXFileReference; lastKnownFileType = sourcecode.swift; path = AppConfig.swift; sourceTree = "<group>"; };
		41B7E928284F6DB200B89B69 /* FoodView.swift */ = {isa = PBXFileReference; lastKnownFileType = sourcecode.swift; path = FoodView.swift; sourceTree = "<group>"; };
		41B7E92A284F6DC400B89B69 /* DessertView.swift */ = {isa = PBXFileReference; lastKnownFileType = sourcecode.swift; path = DessertView.swift; sourceTree = "<group>"; };
		41B7E92C284F6DE700B89B69 /* CoffeeView.swift */ = {isa = PBXFileReference; lastKnownFileType = sourcecode.swift; path = CoffeeView.swift; sourceTree = "<group>"; };
/* End PBXFileReference section */

/* Begin PBXFrameworksBuildPhase section */
		418EC5C228475C5500EBEB9F /* Frameworks */ = {
			isa = PBXFrameworksBuildPhase;
			buildActionMask = 2147483647;
			files = (
				418C91C6284A07D8008A921E /* ShortcutFoundation in Frameworks */,
			);
			runOnlyForDeploymentPostprocessing = 0;
		};
/* End PBXFrameworksBuildPhase section */

/* Begin PBXGroup section */
		418C91BB2849FB13008A921E /* Classes */ = {
			isa = PBXGroup;
			children = (
				418C91BC2849FB2D008A921E /* Food.swift */,
				418C91BE2849FB3F008A921E /* Dessert.swift */,
				418C91C02849FB4C008A921E /* Coffee.swift */,
			);
			path = Classes;
			sourceTree = "<group>";
		};
		418EC5BC28475C5500EBEB9F = {
			isa = PBXGroup;
			children = (
				418EC5C728475C5500EBEB9F /* WhatShouldWeEat */,
				418EC5C628475C5500EBEB9F /* Products */,
			);
			sourceTree = "<group>";
		};
		418EC5C628475C5500EBEB9F /* Products */ = {
			isa = PBXGroup;
			children = (
				418EC5C528475C5500EBEB9F /* WhatShouldWeEat.app */,
			);
			name = Products;
			sourceTree = "<group>";
		};
		418EC5C728475C5500EBEB9F /* WhatShouldWeEat */ = {
			isa = PBXGroup;
			children = (
				41B7E927284F6D8C00B89B69 /* Views */,
				418C91BB2849FB13008A921E /* Classes */,
				418EC5C828475C5500EBEB9F /* WhatShouldWeEat.swift */,
				41B7E925284F58F600B89B69 /* AppConfig.swift */,
				418EC5D828475CA600EBEB9F /* ViewModel.swift */,
				41919FF52848D4FF002FCBB6 /* DataManager.swift */,
				418C91B92849F7E3008A921E /* FoodFetcher.swift */,
				418EC5CC28475C5700EBEB9F /* Assets.xcassets */,
				418EC5CE28475C5700EBEB9F /* Preview Content */,
			);
			path = WhatShouldWeEat;
			sourceTree = "<group>";
		};
		418EC5CE28475C5700EBEB9F /* Preview Content */ = {
			isa = PBXGroup;
			children = (
				418EC5CF28475C5700EBEB9F /* Preview Assets.xcassets */,
			);
			path = "Preview Content";
			sourceTree = "<group>";
		};
		41B7E927284F6D8C00B89B69 /* Views */ = {
			isa = PBXGroup;
			children = (
				418EC5CA28475C5500EBEB9F /* ContentView.swift */,
				41B7E928284F6DB200B89B69 /* FoodView.swift */,
				41B7E92A284F6DC400B89B69 /* DessertView.swift */,
				41B7E92C284F6DE700B89B69 /* CoffeeView.swift */,
			);
			path = Views;
			sourceTree = "<group>";
		};
/* End PBXGroup section */

/* Begin PBXNativeTarget section */
		418EC5C428475C5500EBEB9F /* WhatShouldWeEat */ = {
			isa = PBXNativeTarget;
			buildConfigurationList = 418EC5D328475C5700EBEB9F /* Build configuration list for PBXNativeTarget "WhatShouldWeEat" */;
			buildPhases = (
				418EC5C128475C5500EBEB9F /* Sources */,
				418EC5C228475C5500EBEB9F /* Frameworks */,
				418EC5C328475C5500EBEB9F /* Resources */,
			);
			buildRules = (
			);
			dependencies = (
			);
			name = WhatShouldWeEat;
			packageProductDependencies = (
				418C91C5284A07D8008A921E /* ShortcutFoundation */,
			);
			productName = ShortcutChallenge;
			productReference = 418EC5C528475C5500EBEB9F /* WhatShouldWeEat.app */;
			productType = "com.apple.product-type.application";
		};
/* End PBXNativeTarget section */

/* Begin PBXProject section */
		418EC5BD28475C5500EBEB9F /* Project object */ = {
			isa = PBXProject;
			attributes = {
				BuildIndependentTargetsInParallel = 1;
				LastSwiftUpdateCheck = 1320;
				LastUpgradeCheck = 1320;
				TargetAttributes = {
					418EC5C428475C5500EBEB9F = {
						CreatedOnToolsVersion = 13.2.1;
					};
				};
			};
			buildConfigurationList = 418EC5C028475C5500EBEB9F /* Build configuration list for PBXProject "WhatShouldWeEat" */;
			compatibilityVersion = "Xcode 13.0";
			developmentRegion = en;
			hasScannedForEncodings = 0;
			knownRegions = (
				en,
				Base,
			);
			mainGroup = 418EC5BC28475C5500EBEB9F;
			packageReferences = (
				418C91C4284A07D8008A921E /* XCRemoteSwiftPackageReference "shortcut-foundation-ios" */,
			);
			productRefGroup = 418EC5C628475C5500EBEB9F /* Products */;
			projectDirPath = "";
			projectRoot = "";
			targets = (
				418EC5C428475C5500EBEB9F /* WhatShouldWeEat */,
			);
		};
/* End PBXProject section */

/* Begin PBXResourcesBuildPhase section */
		418EC5C328475C5500EBEB9F /* Resources */ = {
			isa = PBXResourcesBuildPhase;
			buildActionMask = 2147483647;
			files = (
				418EC5D028475C5700EBEB9F /* Preview Assets.xcassets in Resources */,
				418EC5CD28475C5700EBEB9F /* Assets.xcassets in Resources */,
			);
			runOnlyForDeploymentPostprocessing = 0;
		};
/* End PBXResourcesBuildPhase section */

/* Begin PBXSourcesBuildPhase section */
		418EC5C128475C5500EBEB9F /* Sources */ = {
			isa = PBXSourcesBuildPhase;
			buildActionMask = 2147483647;
			files = (
				41B7E929284F6DB200B89B69 /* FoodView.swift in Sources */,
				418C91BA2849F7E3008A921E /* FoodFetcher.swift in Sources */,
				418EC5CB28475C5500EBEB9F /* ContentView.swift in Sources */,
				41B7E92B284F6DC400B89B69 /* DessertView.swift in Sources */,
				41B7E926284F58F600B89B69 /* AppConfig.swift in Sources */,
				418C91BF2849FB3F008A921E /* Dessert.swift in Sources */,
				41919FF62848D4FF002FCBB6 /* DataManager.swift in Sources */,
				41B7E92D284F6DE700B89B69 /* CoffeeView.swift in Sources */,
				418EC5D928475CA600EBEB9F /* ViewModel.swift in Sources */,
				418EC5C928475C5500EBEB9F /* WhatShouldWeEat.swift in Sources */,
				418C91BD2849FB2D008A921E /* Food.swift in Sources */,
				418C91C12849FB4C008A921E /* Coffee.swift in Sources */,
			);
			runOnlyForDeploymentPostprocessing = 0;
		};
/* End PBXSourcesBuildPhase section */

/* Begin XCBuildConfiguration section */
		418EC5D128475C5700EBEB9F /* Debug */ = {
			isa = XCBuildConfiguration;
			buildSettings = {
				ALWAYS_SEARCH_USER_PATHS = NO;
				CLANG_ANALYZER_NONNULL = YES;
				CLANG_ANALYZER_NUMBER_OBJECT_CONVERSION = YES_AGGRESSIVE;
				CLANG_CXX_LANGUAGE_STANDARD = "gnu++17";
				CLANG_CXX_LIBRARY = "libc++";
				CLANG_ENABLE_MODULES = YES;
				CLANG_ENABLE_OBJC_ARC = YES;
				CLANG_ENABLE_OBJC_WEAK = YES;
				CLANG_WARN_BLOCK_CAPTURE_AUTORELEASING = YES;
				CLANG_WARN_BOOL_CONVERSION = YES;
				CLANG_WARN_COMMA = YES;
				CLANG_WARN_CONSTANT_CONVERSION = YES;
				CLANG_WARN_DEPRECATED_OBJC_IMPLEMENTATIONS = YES;
				CLANG_WARN_DIRECT_OBJC_ISA_USAGE = YES_ERROR;
				CLANG_WARN_DOCUMENTATION_COMMENTS = YES;
				CLANG_WARN_EMPTY_BODY = YES;
				CLANG_WARN_ENUM_CONVERSION = YES;
				CLANG_WARN_INFINITE_RECURSION = YES;
				CLANG_WARN_INT_CONVERSION = YES;
				CLANG_WARN_NON_LITERAL_NULL_CONVERSION = YES;
				CLANG_WARN_OBJC_IMPLICIT_RETAIN_SELF = YES;
				CLANG_WARN_OBJC_LITERAL_CONVERSION = YES;
				CLANG_WARN_OBJC_ROOT_CLASS = YES_ERROR;
				CLANG_WARN_QUOTED_INCLUDE_IN_FRAMEWORK_HEADER = YES;
				CLANG_WARN_RANGE_LOOP_ANALYSIS = YES;
				CLANG_WARN_STRICT_PROTOTYPES = YES;
				CLANG_WARN_SUSPICIOUS_MOVE = YES;
				CLANG_WARN_UNGUARDED_AVAILABILITY = YES_AGGRESSIVE;
				CLANG_WARN_UNREACHABLE_CODE = YES;
				CLANG_WARN__DUPLICATE_METHOD_MATCH = YES;
				COPY_PHASE_STRIP = NO;
				DEBUG_INFORMATION_FORMAT = dwarf;
				ENABLE_STRICT_OBJC_MSGSEND = YES;
				ENABLE_TESTABILITY = YES;
				GCC_C_LANGUAGE_STANDARD = gnu11;
				GCC_DYNAMIC_NO_PIC = NO;
				GCC_NO_COMMON_BLOCKS = YES;
				GCC_OPTIMIZATION_LEVEL = 0;
				GCC_PREPROCESSOR_DEFINITIONS = (
					"DEBUG=1",
					"$(inherited)",
				);
				GCC_WARN_64_TO_32_BIT_CONVERSION = YES;
				GCC_WARN_ABOUT_RETURN_TYPE = YES_ERROR;
				GCC_WARN_UNDECLARED_SELECTOR = YES;
				GCC_WARN_UNINITIALIZED_AUTOS = YES_AGGRESSIVE;
				GCC_WARN_UNUSED_FUNCTION = YES;
				GCC_WARN_UNUSED_VARIABLE = YES;
				IPHONEOS_DEPLOYMENT_TARGET = 15.2;
				MTL_ENABLE_DEBUG_INFO = INCLUDE_SOURCE;
				MTL_FAST_MATH = YES;
				ONLY_ACTIVE_ARCH = YES;
				SDKROOT = iphoneos;
				SWIFT_ACTIVE_COMPILATION_CONDITIONS = DEBUG;
				SWIFT_OPTIMIZATION_LEVEL = "-Onone";
			};
			name = Debug;
		};
		418EC5D228475C5700EBEB9F /* Release */ = {
			isa = XCBuildConfiguration;
			buildSettings = {
				ALWAYS_SEARCH_USER_PATHS = NO;
				CLANG_ANALYZER_NONNULL = YES;
				CLANG_ANALYZER_NUMBER_OBJECT_CONVERSION = YES_AGGRESSIVE;
				CLANG_CXX_LANGUAGE_STANDARD = "gnu++17";
				CLANG_CXX_LIBRARY = "libc++";
				CLANG_ENABLE_MODULES = YES;
				CLANG_ENABLE_OBJC_ARC = YES;
				CLANG_ENABLE_OBJC_WEAK = YES;
				CLANG_WARN_BLOCK_CAPTURE_AUTORELEASING = YES;
				CLANG_WARN_BOOL_CONVERSION = YES;
				CLANG_WARN_COMMA = YES;
				CLANG_WARN_CONSTANT_CONVERSION = YES;
				CLANG_WARN_DEPRECATED_OBJC_IMPLEMENTATIONS = YES;
				CLANG_WARN_DIRECT_OBJC_ISA_USAGE = YES_ERROR;
				CLANG_WARN_DOCUMENTATION_COMMENTS = YES;
				CLANG_WARN_EMPTY_BODY = YES;
				CLANG_WARN_ENUM_CONVERSION = YES;
				CLANG_WARN_INFINITE_RECURSION = YES;
				CLANG_WARN_INT_CONVERSION = YES;
				CLANG_WARN_NON_LITERAL_NULL_CONVERSION = YES;
				CLANG_WARN_OBJC_IMPLICIT_RETAIN_SELF = YES;
				CLANG_WARN_OBJC_LITERAL_CONVERSION = YES;
				CLANG_WARN_OBJC_ROOT_CLASS = YES_ERROR;
				CLANG_WARN_QUOTED_INCLUDE_IN_FRAMEWORK_HEADER = YES;
				CLANG_WARN_RANGE_LOOP_ANALYSIS = YES;
				CLANG_WARN_STRICT_PROTOTYPES = YES;
				CLANG_WARN_SUSPICIOUS_MOVE = YES;
				CLANG_WARN_UNGUARDED_AVAILABILITY = YES_AGGRESSIVE;
				CLANG_WARN_UNREACHABLE_CODE = YES;
				CLANG_WARN__DUPLICATE_METHOD_MATCH = YES;
				COPY_PHASE_STRIP = NO;
				DEBUG_INFORMATION_FORMAT = "dwarf-with-dsym";
				ENABLE_NS_ASSERTIONS = NO;
				ENABLE_STRICT_OBJC_MSGSEND = YES;
				GCC_C_LANGUAGE_STANDARD = gnu11;
				GCC_NO_COMMON_BLOCKS = YES;
				GCC_WARN_64_TO_32_BIT_CONVERSION = YES;
				GCC_WARN_ABOUT_RETURN_TYPE = YES_ERROR;
				GCC_WARN_UNDECLARED_SELECTOR = YES;
				GCC_WARN_UNINITIALIZED_AUTOS = YES_AGGRESSIVE;
				GCC_WARN_UNUSED_FUNCTION = YES;
				GCC_WARN_UNUSED_VARIABLE = YES;
				IPHONEOS_DEPLOYMENT_TARGET = 15.2;
				MTL_ENABLE_DEBUG_INFO = NO;
				MTL_FAST_MATH = YES;
				SDKROOT = iphoneos;
				SWIFT_COMPILATION_MODE = wholemodule;
				SWIFT_OPTIMIZATION_LEVEL = "-O";
				VALIDATE_PRODUCT = YES;
			};
			name = Release;
		};
		418EC5D428475C5700EBEB9F /* Debug */ = {
			isa = XCBuildConfiguration;
			buildSettings = {
				ASSETCATALOG_COMPILER_APPICON_NAME = AppIcon;
				ASSETCATALOG_COMPILER_GLOBAL_ACCENT_COLOR_NAME = AccentColor;
				CODE_SIGN_STYLE = Automatic;
				CURRENT_PROJECT_VERSION = 1;
				DEVELOPMENT_ASSET_PATHS = "\"WhatShouldWeEat/Preview Content\"";
				DEVELOPMENT_TEAM = WVX8ZM2Q92;
				ENABLE_PREVIEWS = YES;
				GENERATE_INFOPLIST_FILE = YES;
				INFOPLIST_KEY_UIApplicationSceneManifest_Generation = YES;
				INFOPLIST_KEY_UIApplicationSupportsIndirectInputEvents = YES;
				INFOPLIST_KEY_UILaunchScreen_Generation = YES;
				INFOPLIST_KEY_UISupportedInterfaceOrientations_iPad = "UIInterfaceOrientationPortrait UIInterfaceOrientationPortraitUpsideDown UIInterfaceOrientationLandscapeLeft UIInterfaceOrientationLandscapeRight";
				INFOPLIST_KEY_UISupportedInterfaceOrientations_iPhone = "UIInterfaceOrientationPortrait UIInterfaceOrientationLandscapeLeft UIInterfaceOrientationLandscapeRight";
				LD_RUNPATH_SEARCH_PATHS = (
					"$(inherited)",
					"@executable_path/Frameworks",
				);
				MARKETING_VERSION = 1.0;
				PRODUCT_BUNDLE_IDENTIFIER = comp.ShortcutChallenge;
				PRODUCT_NAME = WhatShouldWeEat;
				SWIFT_EMIT_LOC_STRINGS = YES;
				SWIFT_VERSION = 5.0;
				TARGETED_DEVICE_FAMILY = "1,2";
			};
			name = Debug;
		};
		418EC5D528475C5700EBEB9F /* Release */ = {
			isa = XCBuildConfiguration;
			buildSettings = {
				ASSETCATALOG_COMPILER_APPICON_NAME = AppIcon;
				ASSETCATALOG_COMPILER_GLOBAL_ACCENT_COLOR_NAME = AccentColor;
				CODE_SIGN_STYLE = Automatic;
				CURRENT_PROJECT_VERSION = 1;
				DEVELOPMENT_ASSET_PATHS = "\"WhatShouldWeEat/Preview Content\"";
				DEVELOPMENT_TEAM = WVX8ZM2Q92;
				ENABLE_PREVIEWS = YES;
				GENERATE_INFOPLIST_FILE = YES;
				INFOPLIST_KEY_UIApplicationSceneManifest_Generation = YES;
				INFOPLIST_KEY_UIApplicationSupportsIndirectInputEvents = YES;
				INFOPLIST_KEY_UILaunchScreen_Generation = YES;
				INFOPLIST_KEY_UISupportedInterfaceOrientations_iPad = "UIInterfaceOrientationPortrait UIInterfaceOrientationPortraitUpsideDown UIInterfaceOrientationLandscapeLeft UIInterfaceOrientationLandscapeRight";
				INFOPLIST_KEY_UISupportedInterfaceOrientations_iPhone = "UIInterfaceOrientationPortrait UIInterfaceOrientationLandscapeLeft UIInterfaceOrientationLandscapeRight";
				LD_RUNPATH_SEARCH_PATHS = (
					"$(inherited)",
					"@executable_path/Frameworks",
				);
				MARKETING_VERSION = 1.0;
				PRODUCT_BUNDLE_IDENTIFIER = comp.ShortcutChallenge;
				PRODUCT_NAME = WhatShouldWeEat;
				SWIFT_EMIT_LOC_STRINGS = YES;
				SWIFT_VERSION = 5.0;
				TARGETED_DEVICE_FAMILY = "1,2";
			};
			name = Release;
		};
/* End XCBuildConfiguration section */

/* Begin XCConfigurationList section */
		418EC5C028475C5500EBEB9F /* Build configuration list for PBXProject "WhatShouldWeEat" */ = {
			isa = XCConfigurationList;
			buildConfigurations = (
				418EC5D128475C5700EBEB9F /* Debug */,
				418EC5D228475C5700EBEB9F /* Release */,
			);
			defaultConfigurationIsVisible = 0;
			defaultConfigurationName = Release;
		};
		418EC5D328475C5700EBEB9F /* Build configuration list for PBXNativeTarget "WhatShouldWeEat" */ = {
			isa = XCConfigurationList;
			buildConfigurations = (
				418EC5D428475C5700EBEB9F /* Debug */,
				418EC5D528475C5700EBEB9F /* Release */,
			);
			defaultConfigurationIsVisible = 0;
			defaultConfigurationName = Release;
		};
/* End XCConfigurationList section */

/* Begin XCRemoteSwiftPackageReference section */
		418C91C4284A07D8008A921E /* XCRemoteSwiftPackageReference "shortcut-foundation-ios" */ = {
			isa = XCRemoteSwiftPackageReference;
			repositoryURL = "https://github.com/shortcut/shortcut-foundation-ios.git";
			requirement = {
				kind = upToNextMajorVersion;
				minimumVersion = 1.0.0;
			};
		};
/* End XCRemoteSwiftPackageReference section */

/* Begin XCSwiftPackageProductDependency section */
		418C91C5284A07D8008A921E /* ShortcutFoundation */ = {
			isa = XCSwiftPackageProductDependency;
			package = 418C91C4284A07D8008A921E /* XCRemoteSwiftPackageReference "shortcut-foundation-ios" */;
			productName = ShortcutFoundation;
		};
/* End XCSwiftPackageProductDependency section */
	};
	rootObject = 418EC5BD28475C5500EBEB9F /* Project object */;
}
